Microsoft Visual Studio Solution File, Format Version 12.00
# Visual Studio 15
VisualStudioVersion = 15.0.36617.4
MinimumVisualStudioVersion = 10.0.40219.1
Project("{FAE04EC0-301F-11D3-BF4B-00C04F79EFBC}") = "RestaurantPoject", "RestaurrantPoject\RestaurantPoject.csproj", "{4C2C0B3F-5E0F-4EF7-A8CC-5C94833FEFAE}"
EndProject
Project("{FAE04EC0-301F-11D3-BF4B-00C04F79EFBC}") = "RetaurantBusinessLayer", "RetaurantBusinessLayer\RetaurantBusinessLayer.csproj", "{0B658563-A106-4508-B98A-AD156B9E0A49}"
EndProject
Project("{FAE04EC0-301F-11D3-BF4B-00C04F79EFBC}") = "RestaurantDataAccessLayer", "RestaurantDataAccessLayer\RestaurantDataAccessLayer.csproj", "{7FF1A5CC-CA7E-4C88-A4F6-008FC9A7E100}"
EndProject
Global
	GlobalSection(SolutionConfigurationPlatforms) = preSolution
		Debug|Any CPU = Debug|Any CPU
		Release|Any CPU = Release|Any CPU
	EndGlobalSection
	GlobalSection(ProjectConfigurationPlatforms) = postSolution
		{4C2C0B3F-5E0F-4EF7-A8CC-5C94833FEFAE}.Debug|Any CPU.ActiveCfg = Debug|Any CPU
		{4C2C0B3F-5E0F-4EF7-A8CC-5C94833FEFAE}.Debug|Any CPU.Build.0 = Debug|Any CPU
		{4C2C0B3F-5E0F-4EF7-A8CC-5C94833FEFAE}.Release|Any CPU.ActiveCfg = Release|Any CPU
		{4C2C0B3F-5E0F-4EF7-A8CC-5C94833FEFAE}.Release|Any CPU.Build.0 = Release|Any CPU
		{0B658563-A106-4508-B98A-AD156B9E0A49}.Debug|Any CPU.ActiveCfg = Debug|Any CPU
		{0B658563-A106-4508-B98A-AD156B9E0A49}.Debug|Any CPU.Build.0 = Debug|Any CPU
		{0B658563-A106-4508-B98A-AD156B9E0A49}.Release|Any CPU.ActiveCfg = Release|Any CPU
		{0B658563-A106-4508-B98A-AD156B9E0A49}.Release|Any CPU.Build.0 = Release|Any CPU
		{7FF1A5CC-CA7E-4C88-A4F6-008FC9A7E100}.Debug|Any CPU.ActiveCfg = Debug|Any CPU
		{7FF1A5CC-CA7E-4C88-A4F6-008FC9A7E100}.Debug|Any CPU.Build.0 = Debug|Any CPU
		{7FF1A5CC-CA7E-4C88-A4F6-008FC9A7E100}.Release|Any CPU.ActiveCfg = Release|Any CPU
		{7FF1A5CC-CA7E-4C88-A4F6-008FC9A7E100}.Release|Any CPU.Build.0 = Release|Any CPU
	EndGlobalSection
	GlobalSection(SolutionProperties) = preSolution
		HideSolutionNode = FALSE
	EndGlobalSection
	GlobalSection(ExtensibilityGlobals) = postSolution
		SolutionGuid = {4991E053-CD7C-46B1-A308-423EFA603056}
	EndGlobalSection
EndGlobal
